
Microsoft Visual Studio Solution File, Format Version 12.00
# Visual Studio Version 16
VisualStudioVersion = 16.0.31025.194
MinimumVisualStudioVersion = 10.0.40219.1
Project("{FAE04EC0-301F-11D3-BF4B-00C04F79EFBC}") = "GUI_Integrator_Project", "GUI_Integrator_Project\GUI_Integrator_Project.csproj", "{BD6E1E9A-CFB7-4CAA-8931-30C068A75128}"
EndProject
Project("{FAE04EC0-301F-11D3-BF4B-00C04F79EFBC}") = "Common_Project", "Common_Project\Common_Project.csproj", "{E2217C16-FAF1-40E4-8543-E0D484694C09}"
EndProject
Project("{FAE04EC0-301F-11D3-BF4B-00C04F79EFBC}") = "CacheControler_Project", "CacheControler_Project\CacheControler_Project.csproj", "{112958EF-61DB-44C8-AC8E-12FE8FB39BA3}"
EndProject
Project("{FAE04EC0-301F-11D3-BF4B-00C04F79EFBC}") = "ConnectionControler_Project", "ConnectionControler_Project\ConnectionControler_Project.csproj", "{F540E98B-2395-4B15-87A7-D1790E20F17F}"
EndProject
Project("{FAE04EC0-301F-11D3-BF4B-00C04F79EFBC}") = "DistributedDB_Project", "DistributedDB_Project\DistributedDB_Project.csproj", "{561EB8DD-8A65-4291-871A-89F8944F79D7}"
EndProject
Project("{FAE04EC0-301F-11D3-BF4B-00C04F79EFBC}") = "FileControler_Project", "FileControler_Project\FileControler_Project.csproj", "{8963EA46-7D58-4D9A-9B6E-1D65A844A1C3}"
EndProject
Project("{FAE04EC0-301F-11D3-BF4B-00C04F79EFBC}") = "UI_Project", "UI_Project\UI_Project.csproj", "{91B02427-273E-4B20-8983-2718EEEBDE35}"
EndProject
Project("{FAE04EC0-301F-11D3-BF4B-00C04F79EFBC}") = "UIEmulator", "UIEmulator\UIEmulator.csproj", "{B448F86D-277C-4F8D-9FB1-DF6AA3573B08}"
EndProject
Project("{FAE04EC0-301F-11D3-BF4B-00C04F79EFBC}") = "FileControler_ProjectTest", "FileControler_ProjectTest\FileControler_ProjectTest.csproj", "{A9A5F638-F632-4A77-9629-30272DE61B7D}"
EndProject
Project("{FAE04EC0-301F-11D3-BF4B-00C04F79EFBC}") = "ConnectionControler_ProjectTest", "ConnectionControler_ProjectTest\ConnectionControler_ProjectTest.csproj", "{B1DBB796-AE2C-4252-8CE6-CDFAD77F849D}"
EndProject
Project("{FAE04EC0-301F-11D3-BF4B-00C04F79EFBC}") = "Common_ProjectTest", "CommonTest\Common_ProjectTest.csproj", "{FC74A6DC-FDFC-411C-ABF9-B8E7C3ED3A28}"
EndProject
Project("{FAE04EC0-301F-11D3-BF4B-00C04F79EFBC}") = "CacheControler_ProjectTest", "CacheControler_ProjectTest\CacheControler_ProjectTest.csproj", "{4A05E347-EE6C-4BE4-BD02-9F8FB127CC81}"
EndProject
Global
	GlobalSection(SolutionConfigurationPlatforms) = preSolution
		Debug|Any CPU = Debug|Any CPU
		Release|Any CPU = Release|Any CPU
	EndGlobalSection
	GlobalSection(ProjectConfigurationPlatforms) = postSolution
		{BD6E1E9A-CFB7-4CAA-8931-30C068A75128}.Debug|Any CPU.ActiveCfg = Debug|Any CPU
		{BD6E1E9A-CFB7-4CAA-8931-30C068A75128}.Debug|Any CPU.Build.0 = Debug|Any CPU
		{BD6E1E9A-CFB7-4CAA-8931-30C068A75128}.Release|Any CPU.ActiveCfg = Release|Any CPU
		{BD6E1E9A-CFB7-4CAA-8931-30C068A75128}.Release|Any CPU.Build.0 = Release|Any CPU
		{E2217C16-FAF1-40E4-8543-E0D484694C09}.Debug|Any CPU.ActiveCfg = Debug|Any CPU
		{E2217C16-FAF1-40E4-8543-E0D484694C09}.Debug|Any CPU.Build.0 = Debug|Any CPU
		{E2217C16-FAF1-40E4-8543-E0D484694C09}.Release|Any CPU.ActiveCfg = Release|Any CPU
		{E2217C16-FAF1-40E4-8543-E0D484694C09}.Release|Any CPU.Build.0 = Release|Any CPU
		{112958EF-61DB-44C8-AC8E-12FE8FB39BA3}.Debug|Any CPU.ActiveCfg = Debug|Any CPU
		{112958EF-61DB-44C8-AC8E-12FE8FB39BA3}.Debug|Any CPU.Build.0 = Debug|Any CPU
		{112958EF-61DB-44C8-AC8E-12FE8FB39BA3}.Release|Any CPU.ActiveCfg = Release|Any CPU
		{112958EF-61DB-44C8-AC8E-12FE8FB39BA3}.Release|Any CPU.Build.0 = Release|Any CPU
		{F540E98B-2395-4B15-87A7-D1790E20F17F}.Debug|Any CPU.ActiveCfg = Debug|Any CPU
		{F540E98B-2395-4B15-87A7-D1790E20F17F}.Debug|Any CPU.Build.0 = Debug|Any CPU
		{F540E98B-2395-4B15-87A7-D1790E20F17F}.Release|Any CPU.ActiveCfg = Release|Any CPU
		{F540E98B-2395-4B15-87A7-D1790E20F17F}.Release|Any CPU.Build.0 = Release|Any CPU
		{561EB8DD-8A65-4291-871A-89F8944F79D7}.Debug|Any CPU.ActiveCfg = Debug|Any CPU
		{561EB8DD-8A65-4291-871A-89F8944F79D7}.Debug|Any CPU.Build.0 = Debug|Any CPU
		{561EB8DD-8A65-4291-871A-89F8944F79D7}.Release|Any CPU.ActiveCfg = Release|Any CPU
		{561EB8DD-8A65-4291-871A-89F8944F79D7}.Release|Any CPU.Build.0 = Release|Any CPU
		{8963EA46-7D58-4D9A-9B6E-1D65A844A1C3}.Debug|Any CPU.ActiveCfg = Debug|Any CPU
		{8963EA46-7D58-4D9A-9B6E-1D65A844A1C3}.Debug|Any CPU.Build.0 = Debug|Any CPU
		{8963EA46-7D58-4D9A-9B6E-1D65A844A1C3}.Release|Any CPU.ActiveCfg = Release|Any CPU
		{8963EA46-7D58-4D9A-9B6E-1D65A844A1C3}.Release|Any CPU.Build.0 = Release|Any CPU
		{91B02427-273E-4B20-8983-2718EEEBDE35}.Debug|Any CPU.ActiveCfg = Debug|Any CPU
		{91B02427-273E-4B20-8983-2718EEEBDE35}.Debug|Any CPU.Build.0 = Debug|Any CPU
		{91B02427-273E-4B20-8983-2718EEEBDE35}.Release|Any CPU.ActiveCfg = Release|Any CPU
		{91B02427-273E-4B20-8983-2718EEEBDE35}.Release|Any CPU.Build.0 = Release|Any CPU
		{B448F86D-277C-4F8D-9FB1-DF6AA3573B08}.Debug|Any CPU.ActiveCfg = Debug|Any CPU
		{B448F86D-277C-4F8D-9FB1-DF6AA3573B08}.Debug|Any CPU.Build.0 = Debug|Any CPU
		{B448F86D-277C-4F8D-9FB1-DF6AA3573B08}.Release|Any CPU.ActiveCfg = Release|Any CPU
		{B448F86D-277C-4F8D-9FB1-DF6AA3573B08}.Release|Any CPU.Build.0 = Release|Any CPU
		{A9A5F638-F632-4A77-9629-30272DE61B7D}.Debug|Any CPU.ActiveCfg = Debug|Any CPU
		{A9A5F638-F632-4A77-9629-30272DE61B7D}.Debug|Any CPU.Build.0 = Debug|Any CPU
		{A9A5F638-F632-4A77-9629-30272DE61B7D}.Release|Any CPU.ActiveCfg = Release|Any CPU
		{A9A5F638-F632-4A77-9629-30272DE61B7D}.Release|Any CPU.Build.0 = Release|Any CPU
		{B1DBB796-AE2C-4252-8CE6-CDFAD77F849D}.Debug|Any CPU.ActiveCfg = Debug|Any CPU
		{B1DBB796-AE2C-4252-8CE6-CDFAD77F849D}.Debug|Any CPU.Build.0 = Debug|Any CPU
		{B1DBB796-AE2C-4252-8CE6-CDFAD77F849D}.Release|Any CPU.ActiveCfg = Release|Any CPU
		{B1DBB796-AE2C-4252-8CE6-CDFAD77F849D}.Release|Any CPU.Build.0 = Release|Any CPU
		{FC74A6DC-FDFC-411C-ABF9-B8E7C3ED3A28}.Debug|Any CPU.ActiveCfg = Debug|Any CPU
		{FC74A6DC-FDFC-411C-ABF9-B8E7C3ED3A28}.Debug|Any CPU.Build.0 = Debug|Any CPU
		{FC74A6DC-FDFC-411C-ABF9-B8E7C3ED3A28}.Release|Any CPU.ActiveCfg = Release|Any CPU
		{FC74A6DC-FDFC-411C-ABF9-B8E7C3ED3A28}.Release|Any CPU.Build.0 = Release|Any CPU
		{4A05E347-EE6C-4BE4-BD02-9F8FB127CC81}.Debug|Any CPU.ActiveCfg = Debug|Any CPU
		{4A05E347-EE6C-4BE4-BD02-9F8FB127CC81}.Debug|Any CPU.Build.0 = Debug|Any CPU
		{4A05E347-EE6C-4BE4-BD02-9F8FB127CC81}.Release|Any CPU.ActiveCfg = Release|Any CPU
		{4A05E347-EE6C-4BE4-BD02-9F8FB127CC81}.Release|Any CPU.Build.0 = Release|Any CPU
	EndGlobalSection
	GlobalSection(SolutionProperties) = preSolution
		HideSolutionNode = FALSE
	EndGlobalSection
	GlobalSection(ExtensibilityGlobals) = postSolution
		SolutionGuid = {30D29C45-B1F8-4F4C-9A90-6BB9CD484EDB}
	EndGlobalSection
EndGlobal
